
Microsoft Visual Studio Solution File, Format Version 12.00
# Visual Studio 15
VisualStudioVersion = 15.0.26124.0
MinimumVisualStudioVersion = 15.0.26124.0
Project("{FAE04EC0-301F-11D3-BF4B-00C04F79EFBC}") = "TestCommon", "..\..\TestCommon\TestCommon.csproj", "{DBB04479-3C56-417D-BB00-500CB5999079}"
EndProject
Project("{FAE04EC0-301F-11D3-BF4B-00C04F79EFBC}") = "C11", "C11\C11.csproj", "{E10120C5-1E39-40C0-BD76-A767FDCE8F47}"
EndProject
Project("{FAE04EC0-301F-11D3-BF4B-00C04F79EFBC}") = "C11.Tests", "C11.Tests\C11.Tests.csproj", "{AF02E24E-1106-49E5-875F-FC3C78B3D8A5}"
EndProject
Global
	GlobalSection(SolutionConfigurationPlatforms) = preSolution
		Debug|Any CPU = Debug|Any CPU
		Debug|x64 = Debug|x64
		Debug|x86 = Debug|x86
		Release|Any CPU = Release|Any CPU
		Release|x64 = Release|x64
		Release|x86 = Release|x86
	EndGlobalSection
	GlobalSection(SolutionProperties) = preSolution
		HideSolutionNode = FALSE
	EndGlobalSection
	GlobalSection(ProjectConfigurationPlatforms) = postSolution
		{DBB04479-3C56-417D-BB00-500CB5999079}.Debug|Any CPU.ActiveCfg = Debug|Any CPU
		{DBB04479-3C56-417D-BB00-500CB5999079}.Debug|Any CPU.Build.0 = Debug|Any CPU
		{DBB04479-3C56-417D-BB00-500CB5999079}.Debug|x64.ActiveCfg = Debug|Any CPU
		{DBB04479-3C56-417D-BB00-500CB5999079}.Debug|x64.Build.0 = Debug|Any CPU
		{DBB04479-3C56-417D-BB00-500CB5999079}.Debug|x86.ActiveCfg = Debug|Any CPU
		{DBB04479-3C56-417D-BB00-500CB5999079}.Debug|x86.Build.0 = Debug|Any CPU
		{DBB04479-3C56-417D-BB00-500CB5999079}.Release|Any CPU.ActiveCfg = Release|Any CPU
		{DBB04479-3C56-417D-BB00-500CB5999079}.Release|Any CPU.Build.0 = Release|Any CPU
		{DBB04479-3C56-417D-BB00-500CB5999079}.Release|x64.ActiveCfg = Release|Any CPU
		{DBB04479-3C56-417D-BB00-500CB5999079}.Release|x64.Build.0 = Release|Any CPU
		{DBB04479-3C56-417D-BB00-500CB5999079}.Release|x86.ActiveCfg = Release|Any CPU
		{DBB04479-3C56-417D-BB00-500CB5999079}.Release|x86.Build.0 = Release|Any CPU
		{E10120C5-1E39-40C0-BD76-A767FDCE8F47}.Debug|Any CPU.ActiveCfg = Debug|Any CPU
		{E10120C5-1E39-40C0-BD76-A767FDCE8F47}.Debug|Any CPU.Build.0 = Debug|Any CPU
		{E10120C5-1E39-40C0-BD76-A767FDCE8F47}.Debug|x64.ActiveCfg = Debug|Any CPU
		{E10120C5-1E39-40C0-BD76-A767FDCE8F47}.Debug|x64.Build.0 = Debug|Any CPU
		{E10120C5-1E39-40C0-BD76-A767FDCE8F47}.Debug|x86.ActiveCfg = Debug|Any CPU
		{E10120C5-1E39-40C0-BD76-A767FDCE8F47}.Debug|x86.Build.0 = Debug|Any CPU
		{E10120C5-1E39-40C0-BD76-A767FDCE8F47}.Release|Any CPU.ActiveCfg = Release|Any CPU
		{E10120C5-1E39-40C0-BD76-A767FDCE8F47}.Release|Any CPU.Build.0 = Release|Any CPU
		{E10120C5-1E39-40C0-BD76-A767FDCE8F47}.Release|x64.ActiveCfg = Release|Any CPU
		{E10120C5-1E39-40C0-BD76-A767FDCE8F47}.Release|x64.Build.0 = Release|Any CPU
		{E10120C5-1E39-40C0-BD76-A767FDCE8F47}.Release|x86.ActiveCfg = Release|Any CPU
		{E10120C5-1E39-40C0-BD76-A767FDCE8F47}.Release|x86.Build.0 = Release|Any CPU
		{AF02E24E-1106-49E5-875F-FC3C78B3D8A5}.Debug|Any CPU.ActiveCfg = Debug|Any CPU
		{AF02E24E-1106-49E5-875F-FC3C78B3D8A5}.Debug|Any CPU.Build.0 = Debug|Any CPU
		{AF02E24E-1106-49E5-875F-FC3C78B3D8A5}.Debug|x64.ActiveCfg = Debug|Any CPU
		{AF02E24E-1106-49E5-875F-FC3C78B3D8A5}.Debug|x64.Build.0 = Debug|Any CPU
		{AF02E24E-1106-49E5-875F-FC3C78B3D8A5}.Debug|x86.ActiveCfg = Debug|Any CPU
		{AF02E24E-1106-49E5-875F-FC3C78B3D8A5}.Debug|x86.Build.0 = Debug|Any CPU
		{AF02E24E-1106-49E5-875F-FC3C78B3D8A5}.Release|Any CPU.ActiveCfg = Release|Any CPU
		{AF02E24E-1106-49E5-875F-FC3C78B3D8A5}.Release|Any CPU.Build.0 = Release|Any CPU
		{AF02E24E-1106-49E5-875F-FC3C78B3D8A5}.Release|x64.ActiveCfg = Release|Any CPU
		{AF02E24E-1106-49E5-875F-FC3C78B3D8A5}.Release|x64.Build.0 = Release|Any CPU
		{AF02E24E-1106-49E5-875F-FC3C78B3D8A5}.Release|x86.ActiveCfg = Release|Any CPU
		{AF02E24E-1106-49E5-875F-FC3C78B3D8A5}.Release|x86.Build.0 = Release|Any CPU
	EndGlobalSection
EndGlobal
