
Microsoft Visual Studio Solution File, Format Version 12.00
# Visual Studio 15
VisualStudioVersion = 15.0.26124.0
MinimumVisualStudioVersion = 15.0.26124.0
Project("{FAE04EC0-301F-11D3-BF4B-00C04F79EFBC}") = "TestCommon", "..\..\TestCommon\TestCommon.csproj", "{940902F7-0D0A-4558-99F6-CB0875803AD2}"
EndProject
Project("{FAE04EC0-301F-11D3-BF4B-00C04F79EFBC}") = "C7", "C7\C7.csproj", "{0A66FD12-FAAB-499F-82E9-DA71ED98B263}"
EndProject
Project("{FAE04EC0-301F-11D3-BF4B-00C04F79EFBC}") = "C7.Tests", "C7.Tests\C7.Tests.csproj", "{BFAD4FDD-FA01-4029-8D63-6E21F6508E49}"
EndProject
Global
	GlobalSection(SolutionConfigurationPlatforms) = preSolution
		Debug|Any CPU = Debug|Any CPU
		Debug|x64 = Debug|x64
		Debug|x86 = Debug|x86
		Release|Any CPU = Release|Any CPU
		Release|x64 = Release|x64
		Release|x86 = Release|x86
	EndGlobalSection
	GlobalSection(SolutionProperties) = preSolution
		HideSolutionNode = FALSE
	EndGlobalSection
	GlobalSection(ProjectConfigurationPlatforms) = postSolution
		{940902F7-0D0A-4558-99F6-CB0875803AD2}.Debug|Any CPU.ActiveCfg = Debug|Any CPU
		{940902F7-0D0A-4558-99F6-CB0875803AD2}.Debug|Any CPU.Build.0 = Debug|Any CPU
		{940902F7-0D0A-4558-99F6-CB0875803AD2}.Debug|x64.ActiveCfg = Debug|Any CPU
		{940902F7-0D0A-4558-99F6-CB0875803AD2}.Debug|x64.Build.0 = Debug|Any CPU
		{940902F7-0D0A-4558-99F6-CB0875803AD2}.Debug|x86.ActiveCfg = Debug|Any CPU
		{940902F7-0D0A-4558-99F6-CB0875803AD2}.Debug|x86.Build.0 = Debug|Any CPU
		{940902F7-0D0A-4558-99F6-CB0875803AD2}.Release|Any CPU.ActiveCfg = Release|Any CPU
		{940902F7-0D0A-4558-99F6-CB0875803AD2}.Release|Any CPU.Build.0 = Release|Any CPU
		{940902F7-0D0A-4558-99F6-CB0875803AD2}.Release|x64.ActiveCfg = Release|Any CPU
		{940902F7-0D0A-4558-99F6-CB0875803AD2}.Release|x64.Build.0 = Release|Any CPU
		{940902F7-0D0A-4558-99F6-CB0875803AD2}.Release|x86.ActiveCfg = Release|Any CPU
		{940902F7-0D0A-4558-99F6-CB0875803AD2}.Release|x86.Build.0 = Release|Any CPU
		{0A66FD12-FAAB-499F-82E9-DA71ED98B263}.Debug|Any CPU.ActiveCfg = Debug|Any CPU
		{0A66FD12-FAAB-499F-82E9-DA71ED98B263}.Debug|Any CPU.Build.0 = Debug|Any CPU
		{0A66FD12-FAAB-499F-82E9-DA71ED98B263}.Debug|x64.ActiveCfg = Debug|Any CPU
		{0A66FD12-FAAB-499F-82E9-DA71ED98B263}.Debug|x64.Build.0 = Debug|Any CPU
		{0A66FD12-FAAB-499F-82E9-DA71ED98B263}.Debug|x86.ActiveCfg = Debug|Any CPU
		{0A66FD12-FAAB-499F-82E9-DA71ED98B263}.Debug|x86.Build.0 = Debug|Any CPU
		{0A66FD12-FAAB-499F-82E9-DA71ED98B263}.Release|Any CPU.ActiveCfg = Release|Any CPU
		{0A66FD12-FAAB-499F-82E9-DA71ED98B263}.Release|Any CPU.Build.0 = Release|Any CPU
		{0A66FD12-FAAB-499F-82E9-DA71ED98B263}.Release|x64.ActiveCfg = Release|Any CPU
		{0A66FD12-FAAB-499F-82E9-DA71ED98B263}.Release|x64.Build.0 = Release|Any CPU
		{0A66FD12-FAAB-499F-82E9-DA71ED98B263}.Release|x86.ActiveCfg = Release|Any CPU
		{0A66FD12-FAAB-499F-82E9-DA71ED98B263}.Release|x86.Build.0 = Release|Any CPU
		{BFAD4FDD-FA01-4029-8D63-6E21F6508E49}.Debug|Any CPU.ActiveCfg = Debug|Any CPU
		{BFAD4FDD-FA01-4029-8D63-6E21F6508E49}.Debug|Any CPU.Build.0 = Debug|Any CPU
		{BFAD4FDD-FA01-4029-8D63-6E21F6508E49}.Debug|x64.ActiveCfg = Debug|Any CPU
		{BFAD4FDD-FA01-4029-8D63-6E21F6508E49}.Debug|x64.Build.0 = Debug|Any CPU
		{BFAD4FDD-FA01-4029-8D63-6E21F6508E49}.Debug|x86.ActiveCfg = Debug|Any CPU
		{BFAD4FDD-FA01-4029-8D63-6E21F6508E49}.Debug|x86.Build.0 = Debug|Any CPU
		{BFAD4FDD-FA01-4029-8D63-6E21F6508E49}.Release|Any CPU.ActiveCfg = Release|Any CPU
		{BFAD4FDD-FA01-4029-8D63-6E21F6508E49}.Release|Any CPU.Build.0 = Release|Any CPU
		{BFAD4FDD-FA01-4029-8D63-6E21F6508E49}.Release|x64.ActiveCfg = Release|Any CPU
		{BFAD4FDD-FA01-4029-8D63-6E21F6508E49}.Release|x64.Build.0 = Release|Any CPU
		{BFAD4FDD-FA01-4029-8D63-6E21F6508E49}.Release|x86.ActiveCfg = Release|Any CPU
		{BFAD4FDD-FA01-4029-8D63-6E21F6508E49}.Release|x86.Build.0 = Release|Any CPU
	EndGlobalSection
EndGlobal
