
Microsoft Visual Studio Solution File, Format Version 12.00
# Visual Studio 15
VisualStudioVersion = 15.0.26124.0
MinimumVisualStudioVersion = 15.0.26124.0
Project("{FAE04EC0-301F-11D3-BF4B-00C04F79EFBC}") = "TestCommon", "..\..\TestCommon\TestCommon.csproj", "{87E4BD86-6910-450C-B784-3AAC6FE42862}"
EndProject
Project("{FAE04EC0-301F-11D3-BF4B-00C04F79EFBC}") = "C10", "C10\C10.csproj", "{EFC60E3E-1CBC-4D2F-8AEA-A6FF68807F70}"
EndProject
Project("{FAE04EC0-301F-11D3-BF4B-00C04F79EFBC}") = "C10.Tests", "C10.Tests\C10.Tests.csproj", "{EA5B66C3-974F-44FE-95A7-14EA19D3A46C}"
EndProject
Global
	GlobalSection(SolutionConfigurationPlatforms) = preSolution
		Debug|Any CPU = Debug|Any CPU
		Debug|x64 = Debug|x64
		Debug|x86 = Debug|x86
		Release|Any CPU = Release|Any CPU
		Release|x64 = Release|x64
		Release|x86 = Release|x86
	EndGlobalSection
	GlobalSection(SolutionProperties) = preSolution
		HideSolutionNode = FALSE
	EndGlobalSection
	GlobalSection(ProjectConfigurationPlatforms) = postSolution
		{87E4BD86-6910-450C-B784-3AAC6FE42862}.Debug|Any CPU.ActiveCfg = Debug|Any CPU
		{87E4BD86-6910-450C-B784-3AAC6FE42862}.Debug|Any CPU.Build.0 = Debug|Any CPU
		{87E4BD86-6910-450C-B784-3AAC6FE42862}.Debug|x64.ActiveCfg = Debug|Any CPU
		{87E4BD86-6910-450C-B784-3AAC6FE42862}.Debug|x64.Build.0 = Debug|Any CPU
		{87E4BD86-6910-450C-B784-3AAC6FE42862}.Debug|x86.ActiveCfg = Debug|Any CPU
		{87E4BD86-6910-450C-B784-3AAC6FE42862}.Debug|x86.Build.0 = Debug|Any CPU
		{87E4BD86-6910-450C-B784-3AAC6FE42862}.Release|Any CPU.ActiveCfg = Release|Any CPU
		{87E4BD86-6910-450C-B784-3AAC6FE42862}.Release|Any CPU.Build.0 = Release|Any CPU
		{87E4BD86-6910-450C-B784-3AAC6FE42862}.Release|x64.ActiveCfg = Release|Any CPU
		{87E4BD86-6910-450C-B784-3AAC6FE42862}.Release|x64.Build.0 = Release|Any CPU
		{87E4BD86-6910-450C-B784-3AAC6FE42862}.Release|x86.ActiveCfg = Release|Any CPU
		{87E4BD86-6910-450C-B784-3AAC6FE42862}.Release|x86.Build.0 = Release|Any CPU
		{EFC60E3E-1CBC-4D2F-8AEA-A6FF68807F70}.Debug|Any CPU.ActiveCfg = Debug|Any CPU
		{EFC60E3E-1CBC-4D2F-8AEA-A6FF68807F70}.Debug|Any CPU.Build.0 = Debug|Any CPU
		{EFC60E3E-1CBC-4D2F-8AEA-A6FF68807F70}.Debug|x64.ActiveCfg = Debug|Any CPU
		{EFC60E3E-1CBC-4D2F-8AEA-A6FF68807F70}.Debug|x64.Build.0 = Debug|Any CPU
		{EFC60E3E-1CBC-4D2F-8AEA-A6FF68807F70}.Debug|x86.ActiveCfg = Debug|Any CPU
		{EFC60E3E-1CBC-4D2F-8AEA-A6FF68807F70}.Debug|x86.Build.0 = Debug|Any CPU
		{EFC60E3E-1CBC-4D2F-8AEA-A6FF68807F70}.Release|Any CPU.ActiveCfg = Release|Any CPU
		{EFC60E3E-1CBC-4D2F-8AEA-A6FF68807F70}.Release|Any CPU.Build.0 = Release|Any CPU
		{EFC60E3E-1CBC-4D2F-8AEA-A6FF68807F70}.Release|x64.ActiveCfg = Release|Any CPU
		{EFC60E3E-1CBC-4D2F-8AEA-A6FF68807F70}.Release|x64.Build.0 = Release|Any CPU
		{EFC60E3E-1CBC-4D2F-8AEA-A6FF68807F70}.Release|x86.ActiveCfg = Release|Any CPU
		{EFC60E3E-1CBC-4D2F-8AEA-A6FF68807F70}.Release|x86.Build.0 = Release|Any CPU
		{EA5B66C3-974F-44FE-95A7-14EA19D3A46C}.Debug|Any CPU.ActiveCfg = Debug|Any CPU
		{EA5B66C3-974F-44FE-95A7-14EA19D3A46C}.Debug|Any CPU.Build.0 = Debug|Any CPU
		{EA5B66C3-974F-44FE-95A7-14EA19D3A46C}.Debug|x64.ActiveCfg = Debug|Any CPU
		{EA5B66C3-974F-44FE-95A7-14EA19D3A46C}.Debug|x64.Build.0 = Debug|Any CPU
		{EA5B66C3-974F-44FE-95A7-14EA19D3A46C}.Debug|x86.ActiveCfg = Debug|Any CPU
		{EA5B66C3-974F-44FE-95A7-14EA19D3A46C}.Debug|x86.Build.0 = Debug|Any CPU
		{EA5B66C3-974F-44FE-95A7-14EA19D3A46C}.Release|Any CPU.ActiveCfg = Release|Any CPU
		{EA5B66C3-974F-44FE-95A7-14EA19D3A46C}.Release|Any CPU.Build.0 = Release|Any CPU
		{EA5B66C3-974F-44FE-95A7-14EA19D3A46C}.Release|x64.ActiveCfg = Release|Any CPU
		{EA5B66C3-974F-44FE-95A7-14EA19D3A46C}.Release|x64.Build.0 = Release|Any CPU
		{EA5B66C3-974F-44FE-95A7-14EA19D3A46C}.Release|x86.ActiveCfg = Release|Any CPU
		{EA5B66C3-974F-44FE-95A7-14EA19D3A46C}.Release|x86.Build.0 = Release|Any CPU
	EndGlobalSection
EndGlobal
