
Microsoft Visual Studio Solution File, Format Version 12.00
# Visual Studio 15
VisualStudioVersion = 15.0.26124.0
MinimumVisualStudioVersion = 15.0.26124.0
Project("{FAE04EC0-301F-11D3-BF4B-00C04F79EFBC}") = "TestCommon", "..\TestCommon\TestCommon.csproj", "{9459BA38-1BC4-43B7-941D-92143EA4CA39}"
EndProject
Project("{FAE04EC0-301F-11D3-BF4B-00C04F79EFBC}") = "A1", "A1\A1.csproj", "{9B781CCF-16F7-46EF-B7CB-C7A971C7620F}"
EndProject
Project("{FAE04EC0-301F-11D3-BF4B-00C04F79EFBC}") = "A1.Tests", "A1.Tests\A1.Tests.csproj", "{A831664D-72BD-4C94-9262-24031D8AE048}"
EndProject
Global
	GlobalSection(SolutionConfigurationPlatforms) = preSolution
		Debug|Any CPU = Debug|Any CPU
		Debug|x64 = Debug|x64
		Debug|x86 = Debug|x86
		Release|Any CPU = Release|Any CPU
		Release|x64 = Release|x64
		Release|x86 = Release|x86
	EndGlobalSection
	GlobalSection(SolutionProperties) = preSolution
		HideSolutionNode = FALSE
	EndGlobalSection
	GlobalSection(ProjectConfigurationPlatforms) = postSolution
		{9459BA38-1BC4-43B7-941D-92143EA4CA39}.Debug|Any CPU.ActiveCfg = Debug|Any CPU
		{9459BA38-1BC4-43B7-941D-92143EA4CA39}.Debug|Any CPU.Build.0 = Debug|Any CPU
		{9459BA38-1BC4-43B7-941D-92143EA4CA39}.Debug|x64.ActiveCfg = Debug|Any CPU
		{9459BA38-1BC4-43B7-941D-92143EA4CA39}.Debug|x64.Build.0 = Debug|Any CPU
		{9459BA38-1BC4-43B7-941D-92143EA4CA39}.Debug|x86.ActiveCfg = Debug|Any CPU
		{9459BA38-1BC4-43B7-941D-92143EA4CA39}.Debug|x86.Build.0 = Debug|Any CPU
		{9459BA38-1BC4-43B7-941D-92143EA4CA39}.Release|Any CPU.ActiveCfg = Release|Any CPU
		{9459BA38-1BC4-43B7-941D-92143EA4CA39}.Release|Any CPU.Build.0 = Release|Any CPU
		{9459BA38-1BC4-43B7-941D-92143EA4CA39}.Release|x64.ActiveCfg = Release|Any CPU
		{9459BA38-1BC4-43B7-941D-92143EA4CA39}.Release|x64.Build.0 = Release|Any CPU
		{9459BA38-1BC4-43B7-941D-92143EA4CA39}.Release|x86.ActiveCfg = Release|Any CPU
		{9459BA38-1BC4-43B7-941D-92143EA4CA39}.Release|x86.Build.0 = Release|Any CPU
		{9B781CCF-16F7-46EF-B7CB-C7A971C7620F}.Debug|Any CPU.ActiveCfg = Debug|Any CPU
		{9B781CCF-16F7-46EF-B7CB-C7A971C7620F}.Debug|Any CPU.Build.0 = Debug|Any CPU
		{9B781CCF-16F7-46EF-B7CB-C7A971C7620F}.Debug|x64.ActiveCfg = Debug|Any CPU
		{9B781CCF-16F7-46EF-B7CB-C7A971C7620F}.Debug|x64.Build.0 = Debug|Any CPU
		{9B781CCF-16F7-46EF-B7CB-C7A971C7620F}.Debug|x86.ActiveCfg = Debug|Any CPU
		{9B781CCF-16F7-46EF-B7CB-C7A971C7620F}.Debug|x86.Build.0 = Debug|Any CPU
		{9B781CCF-16F7-46EF-B7CB-C7A971C7620F}.Release|Any CPU.ActiveCfg = Release|Any CPU
		{9B781CCF-16F7-46EF-B7CB-C7A971C7620F}.Release|Any CPU.Build.0 = Release|Any CPU
		{9B781CCF-16F7-46EF-B7CB-C7A971C7620F}.Release|x64.ActiveCfg = Release|Any CPU
		{9B781CCF-16F7-46EF-B7CB-C7A971C7620F}.Release|x64.Build.0 = Release|Any CPU
		{9B781CCF-16F7-46EF-B7CB-C7A971C7620F}.Release|x86.ActiveCfg = Release|Any CPU
		{9B781CCF-16F7-46EF-B7CB-C7A971C7620F}.Release|x86.Build.0 = Release|Any CPU
		{A831664D-72BD-4C94-9262-24031D8AE048}.Debug|Any CPU.ActiveCfg = Debug|Any CPU
		{A831664D-72BD-4C94-9262-24031D8AE048}.Debug|Any CPU.Build.0 = Debug|Any CPU
		{A831664D-72BD-4C94-9262-24031D8AE048}.Debug|x64.ActiveCfg = Debug|Any CPU
		{A831664D-72BD-4C94-9262-24031D8AE048}.Debug|x64.Build.0 = Debug|Any CPU
		{A831664D-72BD-4C94-9262-24031D8AE048}.Debug|x86.ActiveCfg = Debug|Any CPU
		{A831664D-72BD-4C94-9262-24031D8AE048}.Debug|x86.Build.0 = Debug|Any CPU
		{A831664D-72BD-4C94-9262-24031D8AE048}.Release|Any CPU.ActiveCfg = Release|Any CPU
		{A831664D-72BD-4C94-9262-24031D8AE048}.Release|Any CPU.Build.0 = Release|Any CPU
		{A831664D-72BD-4C94-9262-24031D8AE048}.Release|x64.ActiveCfg = Release|Any CPU
		{A831664D-72BD-4C94-9262-24031D8AE048}.Release|x64.Build.0 = Release|Any CPU
		{A831664D-72BD-4C94-9262-24031D8AE048}.Release|x86.ActiveCfg = Release|Any CPU
		{A831664D-72BD-4C94-9262-24031D8AE048}.Release|x86.Build.0 = Release|Any CPU
	EndGlobalSection
EndGlobal
